
Microsoft Visual Studio Solution File, Format Version 12.00
# Visual Studio Version 16
VisualStudioVersion = 16.0.29709.97
MinimumVisualStudioVersion = 10.0.40219.1
Project("{9A19103F-16F7-4668-BE54-9A1E7A4F7556}") = "PesaPlay", "PesaPlay\PesaPlay.csproj", "{7731CB1F-F875-47A8-8094-5EC6E5730E30}"
EndProject
Project("{FAE04EC0-301F-11D3-BF4B-00C04F79EFBC}") = "DataApiTests", "DataApiTests\DataApiTests.csproj", "{C3BF64BD-74A3-4EBA-9C7A-47B255033A36}"
EndProject
Global
	GlobalSection(SolutionConfigurationPlatforms) = preSolution
		Debug|Any CPU = Debug|Any CPU
		Release|Any CPU = Release|Any CPU
	EndGlobalSection
	GlobalSection(ProjectConfigurationPlatforms) = postSolution
		{7731CB1F-F875-47A8-8094-5EC6E5730E30}.Debug|Any CPU.ActiveCfg = Debug|Any CPU
		{7731CB1F-F875-47A8-8094-5EC6E5730E30}.Debug|Any CPU.Build.0 = Debug|Any CPU
		{7731CB1F-F875-47A8-8094-5EC6E5730E30}.Release|Any CPU.ActiveCfg = Release|Any CPU
		{7731CB1F-F875-47A8-8094-5EC6E5730E30}.Release|Any CPU.Build.0 = Release|Any CPU
		{C3BF64BD-74A3-4EBA-9C7A-47B255033A36}.Debug|Any CPU.ActiveCfg = Debug|Any CPU
		{C3BF64BD-74A3-4EBA-9C7A-47B255033A36}.Debug|Any CPU.Build.0 = Debug|Any CPU
		{C3BF64BD-74A3-4EBA-9C7A-47B255033A36}.Release|Any CPU.ActiveCfg = Release|Any CPU
		{C3BF64BD-74A3-4EBA-9C7A-47B255033A36}.Release|Any CPU.Build.0 = Release|Any CPU
	EndGlobalSection
	GlobalSection(SolutionProperties) = preSolution
		HideSolutionNode = FALSE
	EndGlobalSection
	GlobalSection(ExtensibilityGlobals) = postSolution
		SolutionGuid = {F9D29C84-32D0-4D43-A79D-B96737AC66F3}
	EndGlobalSection
EndGlobal
